
Microsoft Visual Studio Solution File, Format Version 12.00
# Visual Studio Version 16
VisualStudioVersion = 16.0.29215.179
MinimumVisualStudioVersion = 10.0.40219.1
Project("{8BC9CEB8-8B4A-11D0-8D11-00A0C91BC942}") = "SingletonMode", "SingletonMode\SingletonMode.vcxproj", "{E3E3B38A-A81F-4A8E-8DA0-1955F6719E70}"
EndProject
Project("{8BC9CEB8-8B4A-11D0-8D11-00A0C91BC942}") = "FactoryMode", "FactoryMode\FactoryMode.vcxproj", "{DDB3EB54-1239-4043-8EDC-42208829C2B8}"
EndProject
Project("{8BC9CEB8-8B4A-11D0-8D11-00A0C91BC942}") = "AbstractFactory", "AbstractFactory\AbstractFactory.vcxproj", "{5B47B65A-9A8B-43F2-80FA-0FECDC492EE1}"
EndProject
Project("{8BC9CEB8-8B4A-11D0-8D11-00A0C91BC942}") = "TemplateMode", "TemplateMode\TemplateMode.vcxproj", "{BB1EA329-376B-4721-A74D-D25E69523337}"
EndProject
Project("{8BC9CEB8-8B4A-11D0-8D11-00A0C91BC942}") = "BuilderMode", "BuilderMode\BuilderMode.vcxproj", "{5D4896A1-9EA7-446A-A027-5259475359B6}"
EndProject
Project("{8BC9CEB8-8B4A-11D0-8D11-00A0C91BC942}") = "AgentMode", "AgentMode\AgentMode.vcxproj", "{E8E4EC24-9F76-47B4-8750-8C1D239E41E7}"
EndProject
Project("{8BC9CEB8-8B4A-11D0-8D11-00A0C91BC942}") = "PrototypeMode", "PrototypeMode\PrototypeMode.vcxproj", "{A4994369-0609-426B-B500-4F73B4D33276}"
EndProject
Project("{8BC9CEB8-8B4A-11D0-8D11-00A0C91BC942}") = "IntermediaryMode", "IntermediaryMode\IntermediaryMode.vcxproj", "{A0ABB8D4-A374-4F01-AD53-A23A4CCBAA99}"
EndProject
Project("{8BC9CEB8-8B4A-11D0-8D11-00A0C91BC942}") = "CommandMode", "CommandMode\CommandMode.vcxproj", "{9C4CC814-F8A5-4F7A-8799-3F5757F56149}"
EndProject
Project("{8BC9CEB8-8B4A-11D0-8D11-00A0C91BC942}") = "ResponsibilityMode", "ResponsibilityMode\ResponsibilityMode.vcxproj", "{4E4AE9B2-2E06-4EF0-BA16-FE18358B78D2}"
EndProject
Project("{8BC9CEB8-8B4A-11D0-8D11-00A0C91BC942}") = "PolicyMode", "PolicyMode\PolicyMode.vcxproj", "{BE8E0BA9-00BC-4D2F-BB1B-BACA765FA4B1}"
EndProject
Project("{2150E333-8FDC-42A3-9474-1A3956D46DE8}") = "Solution Items", "Solution Items", "{F8F694CC-633F-420F-8985-0CAD4925C878}"
	ProjectSection(SolutionItems) = preProject
		md.txt = md.txt
	EndProjectSection
EndProject
Project("{8BC9CEB8-8B4A-11D0-8D11-00A0C91BC942}") = "AdapterMode", "AdapterMode\AdapterMode.vcxproj", "{3BC4AEB3-A7D7-4599-BEAD-8EB814226878}"
EndProject
Project("{8BC9CEB8-8B4A-11D0-8D11-00A0C91BC942}") = "IteratorMode", "IteratorMode\IteratorMode.vcxproj", "{D6D8B8C6-5213-4880-9D19-2CDB12AB8D7E}"
EndProject
Project("{8BC9CEB8-8B4A-11D0-8D11-00A0C91BC942}") = "CombinedMode", "CombinedMode\CombinedMode.vcxproj", "{7C464EF9-CEFC-4DC8-803E-1EAFA4B5DC34}"
EndProject
Project("{8BC9CEB8-8B4A-11D0-8D11-00A0C91BC942}") = "ObserverMode", "ObserverMode\ObserverMode.vcxproj", "{4BAF11AE-0D48-4C90-9A37-7F5CF2F99772}"
EndProject
Project("{8BC9CEB8-8B4A-11D0-8D11-00A0C91BC942}") = "FacadeMode", "FacadeMode\FacadeMode.vcxproj", "{B8F4C9EE-F898-405C-8B75-3504CE922B50}"
EndProject
Project("{8BC9CEB8-8B4A-11D0-8D11-00A0C91BC942}") = "MemoMode", "MemoMode\MemoMode.vcxproj", "{E7210472-C9E6-4BA8-A845-4F823A01C0FE}"
EndProject
Project("{8BC9CEB8-8B4A-11D0-8D11-00A0C91BC942}") = "VisitorMode", "VisitorMode\VisitorMode.vcxproj", "{2A32F39A-E725-4E8C-8B14-130C8D572035}"
EndProject
Project("{8BC9CEB8-8B4A-11D0-8D11-00A0C91BC942}") = "StateMode", "StateMode\StateMode.vcxproj", "{7017A502-A327-4D5F-9D02-7A7826E8F5A5}"
EndProject
Project("{8BC9CEB8-8B4A-11D0-8D11-00A0C91BC942}") = "InterpreterMode", "InterpreterMode\InterpreterMode.vcxproj", "{967782AF-0E47-48CD-9DED-C04555A63DCC}"
EndProject
Global
	GlobalSection(SolutionConfigurationPlatforms) = preSolution
		Debug|Any CPU = Debug|Any CPU
		Debug|x64 = Debug|x64
		Debug|x86 = Debug|x86
		Release|Any CPU = Release|Any CPU
		Release|x64 = Release|x64
		Release|x86 = Release|x86
	EndGlobalSection
	GlobalSection(ProjectConfigurationPlatforms) = postSolution
		{E3E3B38A-A81F-4A8E-8DA0-1955F6719E70}.Debug|Any CPU.ActiveCfg = Debug|Win32
		{E3E3B38A-A81F-4A8E-8DA0-1955F6719E70}.Debug|x64.ActiveCfg = Debug|x64
		{E3E3B38A-A81F-4A8E-8DA0-1955F6719E70}.Debug|x64.Build.0 = Debug|x64
		{E3E3B38A-A81F-4A8E-8DA0-1955F6719E70}.Debug|x86.ActiveCfg = Debug|Win32
		{E3E3B38A-A81F-4A8E-8DA0-1955F6719E70}.Debug|x86.Build.0 = Debug|Win32
		{E3E3B38A-A81F-4A8E-8DA0-1955F6719E70}.Release|Any CPU.ActiveCfg = Release|Win32
		{E3E3B38A-A81F-4A8E-8DA0-1955F6719E70}.Release|x64.ActiveCfg = Release|x64
		{E3E3B38A-A81F-4A8E-8DA0-1955F6719E70}.Release|x64.Build.0 = Release|x64
		{E3E3B38A-A81F-4A8E-8DA0-1955F6719E70}.Release|x86.ActiveCfg = Release|Win32
		{E3E3B38A-A81F-4A8E-8DA0-1955F6719E70}.Release|x86.Build.0 = Release|Win32
		{DDB3EB54-1239-4043-8EDC-42208829C2B8}.Debug|Any CPU.ActiveCfg = Debug|Win32
		{DDB3EB54-1239-4043-8EDC-42208829C2B8}.Debug|x64.ActiveCfg = Debug|x64
		{DDB3EB54-1239-4043-8EDC-42208829C2B8}.Debug|x64.Build.0 = Debug|x64
		{DDB3EB54-1239-4043-8EDC-42208829C2B8}.Debug|x86.ActiveCfg = Debug|Win32
		{DDB3EB54-1239-4043-8EDC-42208829C2B8}.Debug|x86.Build.0 = Debug|Win32
		{DDB3EB54-1239-4043-8EDC-42208829C2B8}.Release|Any CPU.ActiveCfg = Release|Win32
		{DDB3EB54-1239-4043-8EDC-42208829C2B8}.Release|x64.ActiveCfg = Release|x64
		{DDB3EB54-1239-4043-8EDC-42208829C2B8}.Release|x64.Build.0 = Release|x64
		{DDB3EB54-1239-4043-8EDC-42208829C2B8}.Release|x86.ActiveCfg = Release|Win32
		{DDB3EB54-1239-4043-8EDC-42208829C2B8}.Release|x86.Build.0 = Release|Win32
		{5B47B65A-9A8B-43F2-80FA-0FECDC492EE1}.Debug|Any CPU.ActiveCfg = Debug|Win32
		{5B47B65A-9A8B-43F2-80FA-0FECDC492EE1}.Debug|x64.ActiveCfg = Debug|x64
		{5B47B65A-9A8B-43F2-80FA-0FECDC492EE1}.Debug|x64.Build.0 = Debug|x64
		{5B47B65A-9A8B-43F2-80FA-0FECDC492EE1}.Debug|x86.ActiveCfg = Debug|Win32
		{5B47B65A-9A8B-43F2-80FA-0FECDC492EE1}.Debug|x86.Build.0 = Debug|Win32
		{5B47B65A-9A8B-43F2-80FA-0FECDC492EE1}.Release|Any CPU.ActiveCfg = Release|Win32
		{5B47B65A-9A8B-43F2-80FA-0FECDC492EE1}.Release|x64.ActiveCfg = Release|x64
		{5B47B65A-9A8B-43F2-80FA-0FECDC492EE1}.Release|x64.Build.0 = Release|x64
		{5B47B65A-9A8B-43F2-80FA-0FECDC492EE1}.Release|x86.ActiveCfg = Release|Win32
		{5B47B65A-9A8B-43F2-80FA-0FECDC492EE1}.Release|x86.Build.0 = Release|Win32
		{BB1EA329-376B-4721-A74D-D25E69523337}.Debug|Any CPU.ActiveCfg = Debug|Win32
		{BB1EA329-376B-4721-A74D-D25E69523337}.Debug|x64.ActiveCfg = Debug|x64
		{BB1EA329-376B-4721-A74D-D25E69523337}.Debug|x64.Build.0 = Debug|x64
		{BB1EA329-376B-4721-A74D-D25E69523337}.Debug|x86.ActiveCfg = Debug|Win32
		{BB1EA329-376B-4721-A74D-D25E69523337}.Debug|x86.Build.0 = Debug|Win32
		{BB1EA329-376B-4721-A74D-D25E69523337}.Release|Any CPU.ActiveCfg = Release|Win32
		{BB1EA329-376B-4721-A74D-D25E69523337}.Release|x64.ActiveCfg = Release|x64
		{BB1EA329-376B-4721-A74D-D25E69523337}.Release|x64.Build.0 = Release|x64
		{BB1EA329-376B-4721-A74D-D25E69523337}.Release|x86.ActiveCfg = Release|Win32
		{BB1EA329-376B-4721-A74D-D25E69523337}.Release|x86.Build.0 = Release|Win32
		{5D4896A1-9EA7-446A-A027-5259475359B6}.Debug|Any CPU.ActiveCfg = Debug|Win32
		{5D4896A1-9EA7-446A-A027-5259475359B6}.Debug|x64.ActiveCfg = Debug|x64
		{5D4896A1-9EA7-446A-A027-5259475359B6}.Debug|x64.Build.0 = Debug|x64
		{5D4896A1-9EA7-446A-A027-5259475359B6}.Debug|x86.ActiveCfg = Debug|Win32
		{5D4896A1-9EA7-446A-A027-5259475359B6}.Debug|x86.Build.0 = Debug|Win32
		{5D4896A1-9EA7-446A-A027-5259475359B6}.Release|Any CPU.ActiveCfg = Release|Win32
		{5D4896A1-9EA7-446A-A027-5259475359B6}.Release|x64.ActiveCfg = Release|x64
		{5D4896A1-9EA7-446A-A027-5259475359B6}.Release|x64.Build.0 = Release|x64
		{5D4896A1-9EA7-446A-A027-5259475359B6}.Release|x86.ActiveCfg = Release|Win32
		{5D4896A1-9EA7-446A-A027-5259475359B6}.Release|x86.Build.0 = Release|Win32
		{E8E4EC24-9F76-47B4-8750-8C1D239E41E7}.Debug|Any CPU.ActiveCfg = Debug|Win32
		{E8E4EC24-9F76-47B4-8750-8C1D239E41E7}.Debug|x64.ActiveCfg = Debug|x64
		{E8E4EC24-9F76-47B4-8750-8C1D239E41E7}.Debug|x64.Build.0 = Debug|x64
		{E8E4EC24-9F76-47B4-8750-8C1D239E41E7}.Debug|x86.ActiveCfg = Debug|Win32
		{E8E4EC24-9F76-47B4-8750-8C1D239E41E7}.Debug|x86.Build.0 = Debug|Win32
		{E8E4EC24-9F76-47B4-8750-8C1D239E41E7}.Release|Any CPU.ActiveCfg = Release|Win32
		{E8E4EC24-9F76-47B4-8750-8C1D239E41E7}.Release|x64.ActiveCfg = Release|x64
		{E8E4EC24-9F76-47B4-8750-8C1D239E41E7}.Release|x64.Build.0 = Release|x64
		{E8E4EC24-9F76-47B4-8750-8C1D239E41E7}.Release|x86.ActiveCfg = Release|Win32
		{E8E4EC24-9F76-47B4-8750-8C1D239E41E7}.Release|x86.Build.0 = Release|Win32
		{A4994369-0609-426B-B500-4F73B4D33276}.Debug|Any CPU.ActiveCfg = Debug|Win32
		{A4994369-0609-426B-B500-4F73B4D33276}.Debug|x64.ActiveCfg = Debug|x64
		{A4994369-0609-426B-B500-4F73B4D33276}.Debug|x64.Build.0 = Debug|x64
		{A4994369-0609-426B-B500-4F73B4D33276}.Debug|x86.ActiveCfg = Debug|Win32
		{A4994369-0609-426B-B500-4F73B4D33276}.Debug|x86.Build.0 = Debug|Win32
		{A4994369-0609-426B-B500-4F73B4D33276}.Release|Any CPU.ActiveCfg = Release|Win32
		{A4994369-0609-426B-B500-4F73B4D33276}.Release|x64.ActiveCfg = Release|x64
		{A4994369-0609-426B-B500-4F73B4D33276}.Release|x64.Build.0 = Release|x64
		{A4994369-0609-426B-B500-4F73B4D33276}.Release|x86.ActiveCfg = Release|Win32
		{A4994369-0609-426B-B500-4F73B4D33276}.Release|x86.Build.0 = Release|Win32
		{A0ABB8D4-A374-4F01-AD53-A23A4CCBAA99}.Debug|Any CPU.ActiveCfg = Debug|Win32
		{A0ABB8D4-A374-4F01-AD53-A23A4CCBAA99}.Debug|x64.ActiveCfg = Debug|x64
		{A0ABB8D4-A374-4F01-AD53-A23A4CCBAA99}.Debug|x64.Build.0 = Debug|x64
		{A0ABB8D4-A374-4F01-AD53-A23A4CCBAA99}.Debug|x86.ActiveCfg = Debug|Win32
		{A0ABB8D4-A374-4F01-AD53-A23A4CCBAA99}.Debug|x86.Build.0 = Debug|Win32
		{A0ABB8D4-A374-4F01-AD53-A23A4CCBAA99}.Release|Any CPU.ActiveCfg = Release|Win32
		{A0ABB8D4-A374-4F01-AD53-A23A4CCBAA99}.Release|x64.ActiveCfg = Release|x64
		{A0ABB8D4-A374-4F01-AD53-A23A4CCBAA99}.Release|x64.Build.0 = Release|x64
		{A0ABB8D4-A374-4F01-AD53-A23A4CCBAA99}.Release|x86.ActiveCfg = Release|Win32
		{A0ABB8D4-A374-4F01-AD53-A23A4CCBAA99}.Release|x86.Build.0 = Release|Win32
		{9C4CC814-F8A5-4F7A-8799-3F5757F56149}.Debug|Any CPU.ActiveCfg = Debug|Win32
		{9C4CC814-F8A5-4F7A-8799-3F5757F56149}.Debug|x64.ActiveCfg = Debug|x64
		{9C4CC814-F8A5-4F7A-8799-3F5757F56149}.Debug|x64.Build.0 = Debug|x64
		{9C4CC814-F8A5-4F7A-8799-3F5757F56149}.Debug|x86.ActiveCfg = Debug|Win32
		{9C4CC814-F8A5-4F7A-8799-3F5757F56149}.Debug|x86.Build.0 = Debug|Win32
		{9C4CC814-F8A5-4F7A-8799-3F5757F56149}.Release|Any CPU.ActiveCfg = Release|Win32
		{9C4CC814-F8A5-4F7A-8799-3F5757F56149}.Release|x64.ActiveCfg = Release|x64
		{9C4CC814-F8A5-4F7A-8799-3F5757F56149}.Release|x64.Build.0 = Release|x64
		{9C4CC814-F8A5-4F7A-8799-3F5757F56149}.Release|x86.ActiveCfg = Release|Win32
		{9C4CC814-F8A5-4F7A-8799-3F5757F56149}.Release|x86.Build.0 = Release|Win32
		{4E4AE9B2-2E06-4EF0-BA16-FE18358B78D2}.Debug|Any CPU.ActiveCfg = Debug|Win32
		{4E4AE9B2-2E06-4EF0-BA16-FE18358B78D2}.Debug|x64.ActiveCfg = Debug|x64
		{4E4AE9B2-2E06-4EF0-BA16-FE18358B78D2}.Debug|x64.Build.0 = Debug|x64
		{4E4AE9B2-2E06-4EF0-BA16-FE18358B78D2}.Debug|x86.ActiveCfg = Debug|Win32
		{4E4AE9B2-2E06-4EF0-BA16-FE18358B78D2}.Debug|x86.Build.0 = Debug|Win32
		{4E4AE9B2-2E06-4EF0-BA16-FE18358B78D2}.Release|Any CPU.ActiveCfg = Release|Win32
		{4E4AE9B2-2E06-4EF0-BA16-FE18358B78D2}.Release|x64.ActiveCfg = Release|x64
		{4E4AE9B2-2E06-4EF0-BA16-FE18358B78D2}.Release|x64.Build.0 = Release|x64
		{4E4AE9B2-2E06-4EF0-BA16-FE18358B78D2}.Release|x86.ActiveCfg = Release|Win32
		{4E4AE9B2-2E06-4EF0-BA16-FE18358B78D2}.Release|x86.Build.0 = Release|Win32
		{BE8E0BA9-00BC-4D2F-BB1B-BACA765FA4B1}.Debug|Any CPU.ActiveCfg = Debug|Win32
		{BE8E0BA9-00BC-4D2F-BB1B-BACA765FA4B1}.Debug|x64.ActiveCfg = Debug|x64
		{BE8E0BA9-00BC-4D2F-BB1B-BACA765FA4B1}.Debug|x64.Build.0 = Debug|x64
		{BE8E0BA9-00BC-4D2F-BB1B-BACA765FA4B1}.Debug|x86.ActiveCfg = Debug|Win32
		{BE8E0BA9-00BC-4D2F-BB1B-BACA765FA4B1}.Debug|x86.Build.0 = Debug|Win32
		{BE8E0BA9-00BC-4D2F-BB1B-BACA765FA4B1}.Release|Any CPU.ActiveCfg = Release|Win32
		{BE8E0BA9-00BC-4D2F-BB1B-BACA765FA4B1}.Release|x64.ActiveCfg = Release|x64
		{BE8E0BA9-00BC-4D2F-BB1B-BACA765FA4B1}.Release|x64.Build.0 = Release|x64
		{BE8E0BA9-00BC-4D2F-BB1B-BACA765FA4B1}.Release|x86.ActiveCfg = Release|Win32
		{BE8E0BA9-00BC-4D2F-BB1B-BACA765FA4B1}.Release|x86.Build.0 = Release|Win32
		{3BC4AEB3-A7D7-4599-BEAD-8EB814226878}.Debug|Any CPU.ActiveCfg = Debug|Win32
		{3BC4AEB3-A7D7-4599-BEAD-8EB814226878}.Debug|x64.ActiveCfg = Debug|x64
		{3BC4AEB3-A7D7-4599-BEAD-8EB814226878}.Debug|x64.Build.0 = Debug|x64
		{3BC4AEB3-A7D7-4599-BEAD-8EB814226878}.Debug|x86.ActiveCfg = Debug|Win32
		{3BC4AEB3-A7D7-4599-BEAD-8EB814226878}.Debug|x86.Build.0 = Debug|Win32
		{3BC4AEB3-A7D7-4599-BEAD-8EB814226878}.Release|Any CPU.ActiveCfg = Release|Win32
		{3BC4AEB3-A7D7-4599-BEAD-8EB814226878}.Release|x64.ActiveCfg = Release|x64
		{3BC4AEB3-A7D7-4599-BEAD-8EB814226878}.Release|x64.Build.0 = Release|x64
		{3BC4AEB3-A7D7-4599-BEAD-8EB814226878}.Release|x86.ActiveCfg = Release|Win32
		{3BC4AEB3-A7D7-4599-BEAD-8EB814226878}.Release|x86.Build.0 = Release|Win32
		{D6D8B8C6-5213-4880-9D19-2CDB12AB8D7E}.Debug|Any CPU.ActiveCfg = Debug|Win32
		{D6D8B8C6-5213-4880-9D19-2CDB12AB8D7E}.Debug|x64.ActiveCfg = Debug|x64
		{D6D8B8C6-5213-4880-9D19-2CDB12AB8D7E}.Debug|x64.Build.0 = Debug|x64
		{D6D8B8C6-5213-4880-9D19-2CDB12AB8D7E}.Debug|x86.ActiveCfg = Debug|Win32
		{D6D8B8C6-5213-4880-9D19-2CDB12AB8D7E}.Debug|x86.Build.0 = Debug|Win32
		{D6D8B8C6-5213-4880-9D19-2CDB12AB8D7E}.Release|Any CPU.ActiveCfg = Release|Win32
		{D6D8B8C6-5213-4880-9D19-2CDB12AB8D7E}.Release|x64.ActiveCfg = Release|x64
		{D6D8B8C6-5213-4880-9D19-2CDB12AB8D7E}.Release|x64.Build.0 = Release|x64
		{D6D8B8C6-5213-4880-9D19-2CDB12AB8D7E}.Release|x86.ActiveCfg = Release|Win32
		{D6D8B8C6-5213-4880-9D19-2CDB12AB8D7E}.Release|x86.Build.0 = Release|Win32
		{7C464EF9-CEFC-4DC8-803E-1EAFA4B5DC34}.Debug|Any CPU.ActiveCfg = Debug|Win32
		{7C464EF9-CEFC-4DC8-803E-1EAFA4B5DC34}.Debug|x64.ActiveCfg = Debug|x64
		{7C464EF9-CEFC-4DC8-803E-1EAFA4B5DC34}.Debug|x64.Build.0 = Debug|x64
		{7C464EF9-CEFC-4DC8-803E-1EAFA4B5DC34}.Debug|x86.ActiveCfg = Debug|Win32
		{7C464EF9-CEFC-4DC8-803E-1EAFA4B5DC34}.Debug|x86.Build.0 = Debug|Win32
		{7C464EF9-CEFC-4DC8-803E-1EAFA4B5DC34}.Release|Any CPU.ActiveCfg = Release|Win32
		{7C464EF9-CEFC-4DC8-803E-1EAFA4B5DC34}.Release|x64.ActiveCfg = Release|x64
		{7C464EF9-CEFC-4DC8-803E-1EAFA4B5DC34}.Release|x64.Build.0 = Release|x64
		{7C464EF9-CEFC-4DC8-803E-1EAFA4B5DC34}.Release|x86.ActiveCfg = Release|Win32
		{7C464EF9-CEFC-4DC8-803E-1EAFA4B5DC34}.Release|x86.Build.0 = Release|Win32
		{4BAF11AE-0D48-4C90-9A37-7F5CF2F99772}.Debug|Any CPU.ActiveCfg = Debug|Win32
		{4BAF11AE-0D48-4C90-9A37-7F5CF2F99772}.Debug|x64.ActiveCfg = Debug|x64
		{4BAF11AE-0D48-4C90-9A37-7F5CF2F99772}.Debug|x64.Build.0 = Debug|x64
		{4BAF11AE-0D48-4C90-9A37-7F5CF2F99772}.Debug|x86.ActiveCfg = Debug|Win32
		{4BAF11AE-0D48-4C90-9A37-7F5CF2F99772}.Debug|x86.Build.0 = Debug|Win32
		{4BAF11AE-0D48-4C90-9A37-7F5CF2F99772}.Release|Any CPU.ActiveCfg = Release|Win32
		{4BAF11AE-0D48-4C90-9A37-7F5CF2F99772}.Release|x64.ActiveCfg = Release|x64
		{4BAF11AE-0D48-4C90-9A37-7F5CF2F99772}.Release|x64.Build.0 = Release|x64
		{4BAF11AE-0D48-4C90-9A37-7F5CF2F99772}.Release|x86.ActiveCfg = Release|Win32
		{4BAF11AE-0D48-4C90-9A37-7F5CF2F99772}.Release|x86.Build.0 = Release|Win32
		{B8F4C9EE-F898-405C-8B75-3504CE922B50}.Debug|Any CPU.ActiveCfg = Debug|Win32
		{B8F4C9EE-F898-405C-8B75-3504CE922B50}.Debug|x64.ActiveCfg = Debug|x64
		{B8F4C9EE-F898-405C-8B75-3504CE922B50}.Debug|x64.Build.0 = Debug|x64
		{B8F4C9EE-F898-405C-8B75-3504CE922B50}.Debug|x86.ActiveCfg = Debug|Win32
		{B8F4C9EE-F898-405C-8B75-3504CE922B50}.Debug|x86.Build.0 = Debug|Win32
		{B8F4C9EE-F898-405C-8B75-3504CE922B50}.Release|Any CPU.ActiveCfg = Release|Win32
		{B8F4C9EE-F898-405C-8B75-3504CE922B50}.Release|x64.ActiveCfg = Release|x64
		{B8F4C9EE-F898-405C-8B75-3504CE922B50}.Release|x64.Build.0 = Release|x64
		{B8F4C9EE-F898-405C-8B75-3504CE922B50}.Release|x86.ActiveCfg = Release|Win32
		{B8F4C9EE-F898-405C-8B75-3504CE922B50}.Release|x86.Build.0 = Release|Win32
		{E7210472-C9E6-4BA8-A845-4F823A01C0FE}.Debug|Any CPU.ActiveCfg = Debug|Win32
		{E7210472-C9E6-4BA8-A845-4F823A01C0FE}.Debug|x64.ActiveCfg = Debug|x64
		{E7210472-C9E6-4BA8-A845-4F823A01C0FE}.Debug|x64.Build.0 = Debug|x64
		{E7210472-C9E6-4BA8-A845-4F823A01C0FE}.Debug|x86.ActiveCfg = Debug|Win32
		{E7210472-C9E6-4BA8-A845-4F823A01C0FE}.Debug|x86.Build.0 = Debug|Win32
		{E7210472-C9E6-4BA8-A845-4F823A01C0FE}.Release|Any CPU.ActiveCfg = Release|Win32
		{E7210472-C9E6-4BA8-A845-4F823A01C0FE}.Release|x64.ActiveCfg = Release|x64
		{E7210472-C9E6-4BA8-A845-4F823A01C0FE}.Release|x64.Build.0 = Release|x64
		{E7210472-C9E6-4BA8-A845-4F823A01C0FE}.Release|x86.ActiveCfg = Release|Win32
		{E7210472-C9E6-4BA8-A845-4F823A01C0FE}.Release|x86.Build.0 = Release|Win32
		{2A32F39A-E725-4E8C-8B14-130C8D572035}.Debug|Any CPU.ActiveCfg = Debug|Win32
		{2A32F39A-E725-4E8C-8B14-130C8D572035}.Debug|x64.ActiveCfg = Debug|x64
		{2A32F39A-E725-4E8C-8B14-130C8D572035}.Debug|x64.Build.0 = Debug|x64
		{2A32F39A-E725-4E8C-8B14-130C8D572035}.Debug|x86.ActiveCfg = Debug|Win32
		{2A32F39A-E725-4E8C-8B14-130C8D572035}.Debug|x86.Build.0 = Debug|Win32
		{2A32F39A-E725-4E8C-8B14-130C8D572035}.Release|Any CPU.ActiveCfg = Release|Win32
		{2A32F39A-E725-4E8C-8B14-130C8D572035}.Release|x64.ActiveCfg = Release|x64
		{2A32F39A-E725-4E8C-8B14-130C8D572035}.Release|x64.Build.0 = Release|x64
		{2A32F39A-E725-4E8C-8B14-130C8D572035}.Release|x86.ActiveCfg = Release|Win32
		{2A32F39A-E725-4E8C-8B14-130C8D572035}.Release|x86.Build.0 = Release|Win32
		{7017A502-A327-4D5F-9D02-7A7826E8F5A5}.Debug|Any CPU.ActiveCfg = Debug|Win32
		{7017A502-A327-4D5F-9D02-7A7826E8F5A5}.Debug|x64.ActiveCfg = Debug|x64
		{7017A502-A327-4D5F-9D02-7A7826E8F5A5}.Debug|x64.Build.0 = Debug|x64
		{7017A502-A327-4D5F-9D02-7A7826E8F5A5}.Debug|x86.ActiveCfg = Debug|Win32
		{7017A502-A327-4D5F-9D02-7A7826E8F5A5}.Debug|x86.Build.0 = Debug|Win32
		{7017A502-A327-4D5F-9D02-7A7826E8F5A5}.Release|Any CPU.ActiveCfg = Release|Win32
		{7017A502-A327-4D5F-9D02-7A7826E8F5A5}.Release|x64.ActiveCfg = Release|x64
		{7017A502-A327-4D5F-9D02-7A7826E8F5A5}.Release|x64.Build.0 = Release|x64
		{7017A502-A327-4D5F-9D02-7A7826E8F5A5}.Release|x86.ActiveCfg = Release|Win32
		{7017A502-A327-4D5F-9D02-7A7826E8F5A5}.Release|x86.Build.0 = Release|Win32
		{967782AF-0E47-48CD-9DED-C04555A63DCC}.Debug|Any CPU.ActiveCfg = Debug|Win32
		{967782AF-0E47-48CD-9DED-C04555A63DCC}.Debug|x64.ActiveCfg = Debug|x64
		{967782AF-0E47-48CD-9DED-C04555A63DCC}.Debug|x64.Build.0 = Debug|x64
		{967782AF-0E47-48CD-9DED-C04555A63DCC}.Debug|x86.ActiveCfg = Debug|Win32
		{967782AF-0E47-48CD-9DED-C04555A63DCC}.Debug|x86.Build.0 = Debug|Win32
		{967782AF-0E47-48CD-9DED-C04555A63DCC}.Release|Any CPU.ActiveCfg = Release|Win32
		{967782AF-0E47-48CD-9DED-C04555A63DCC}.Release|x64.ActiveCfg = Release|x64
		{967782AF-0E47-48CD-9DED-C04555A63DCC}.Release|x64.Build.0 = Release|x64
		{967782AF-0E47-48CD-9DED-C04555A63DCC}.Release|x86.ActiveCfg = Release|Win32
		{967782AF-0E47-48CD-9DED-C04555A63DCC}.Release|x86.Build.0 = Release|Win32
	EndGlobalSection
	GlobalSection(SolutionProperties) = preSolution
		HideSolutionNode = FALSE
	EndGlobalSection
	GlobalSection(ExtensibilityGlobals) = postSolution
		SolutionGuid = {A42E2884-9E50-475A-917B-7FF450E247D0}
	EndGlobalSection
EndGlobal
