
Microsoft Visual Studio Solution File, Format Version 12.00
# Visual Studio Version 16
VisualStudioVersion = 16.0.29215.179
MinimumVisualStudioVersion = 10.0.40219.1
Project("{8BC9CEB8-8B4A-11D0-8D11-00A0C91BC942}") = "SingletonMode", "SingletonMode\SingletonMode.vcxproj", "{E3E3B38A-A81F-4A8E-8DA0-1955F6719E70}"
EndProject
Project("{8BC9CEB8-8B4A-11D0-8D11-00A0C91BC942}") = "FactoryMode", "FactoryMode\FactoryMode.vcxproj", "{DDB3EB54-1239-4043-8EDC-42208829C2B8}"
EndProject
Project("{8BC9CEB8-8B4A-11D0-8D11-00A0C91BC942}") = "AbstractFactory", "AbstractFactory\AbstractFactory.vcxproj", "{5B47B65A-9A8B-43F2-80FA-0FECDC492EE1}"
EndProject
Project("{8BC9CEB8-8B4A-11D0-8D11-00A0C91BC942}") = "TemplateMode", "TemplateMode\TemplateMode.vcxproj", "{BB1EA329-376B-4721-A74D-D25E69523337}"
EndProject
Project("{8BC9CEB8-8B4A-11D0-8D11-00A0C91BC942}") = "BuilderMode", "BuilderMode\BuilderMode.vcxproj", "{5D4896A1-9EA7-446A-A027-5259475359B6}"
EndProject
Global
	GlobalSection(SolutionConfigurationPlatforms) = preSolution
		Debug|Any CPU = Debug|Any CPU
		Debug|x64 = Debug|x64
		Debug|x86 = Debug|x86
		Release|Any CPU = Release|Any CPU
		Release|x64 = Release|x64
		Release|x86 = Release|x86
	EndGlobalSection
	GlobalSection(ProjectConfigurationPlatforms) = postSolution
		{E3E3B38A-A81F-4A8E-8DA0-1955F6719E70}.Debug|Any CPU.ActiveCfg = Debug|Win32
		{E3E3B38A-A81F-4A8E-8DA0-1955F6719E70}.Debug|x64.ActiveCfg = Debug|x64
		{E3E3B38A-A81F-4A8E-8DA0-1955F6719E70}.Debug|x64.Build.0 = Debug|x64
		{E3E3B38A-A81F-4A8E-8DA0-1955F6719E70}.Debug|x86.ActiveCfg = Debug|Win32
		{E3E3B38A-A81F-4A8E-8DA0-1955F6719E70}.Debug|x86.Build.0 = Debug|Win32
		{E3E3B38A-A81F-4A8E-8DA0-1955F6719E70}.Release|Any CPU.ActiveCfg = Release|Win32
		{E3E3B38A-A81F-4A8E-8DA0-1955F6719E70}.Release|x64.ActiveCfg = Release|x64
		{E3E3B38A-A81F-4A8E-8DA0-1955F6719E70}.Release|x64.Build.0 = Release|x64
		{E3E3B38A-A81F-4A8E-8DA0-1955F6719E70}.Release|x86.ActiveCfg = Release|Win32
		{E3E3B38A-A81F-4A8E-8DA0-1955F6719E70}.Release|x86.Build.0 = Release|Win32
		{DDB3EB54-1239-4043-8EDC-42208829C2B8}.Debug|Any CPU.ActiveCfg = Debug|Win32
		{DDB3EB54-1239-4043-8EDC-42208829C2B8}.Debug|x64.ActiveCfg = Debug|x64
		{DDB3EB54-1239-4043-8EDC-42208829C2B8}.Debug|x64.Build.0 = Debug|x64
		{DDB3EB54-1239-4043-8EDC-42208829C2B8}.Debug|x86.ActiveCfg = Debug|Win32
		{DDB3EB54-1239-4043-8EDC-42208829C2B8}.Debug|x86.Build.0 = Debug|Win32
		{DDB3EB54-1239-4043-8EDC-42208829C2B8}.Release|Any CPU.ActiveCfg = Release|Win32
		{DDB3EB54-1239-4043-8EDC-42208829C2B8}.Release|x64.ActiveCfg = Release|x64
		{DDB3EB54-1239-4043-8EDC-42208829C2B8}.Release|x64.Build.0 = Release|x64
		{DDB3EB54-1239-4043-8EDC-42208829C2B8}.Release|x86.ActiveCfg = Release|Win32
		{DDB3EB54-1239-4043-8EDC-42208829C2B8}.Release|x86.Build.0 = Release|Win32
		{5B47B65A-9A8B-43F2-80FA-0FECDC492EE1}.Debug|Any CPU.ActiveCfg = Debug|Win32
		{5B47B65A-9A8B-43F2-80FA-0FECDC492EE1}.Debug|x64.ActiveCfg = Debug|x64
		{5B47B65A-9A8B-43F2-80FA-0FECDC492EE1}.Debug|x64.Build.0 = Debug|x64
		{5B47B65A-9A8B-43F2-80FA-0FECDC492EE1}.Debug|x86.ActiveCfg = Debug|Win32
		{5B47B65A-9A8B-43F2-80FA-0FECDC492EE1}.Debug|x86.Build.0 = Debug|Win32
		{5B47B65A-9A8B-43F2-80FA-0FECDC492EE1}.Release|Any CPU.ActiveCfg = Release|Win32
		{5B47B65A-9A8B-43F2-80FA-0FECDC492EE1}.Release|x64.ActiveCfg = Release|x64
		{5B47B65A-9A8B-43F2-80FA-0FECDC492EE1}.Release|x64.Build.0 = Release|x64
		{5B47B65A-9A8B-43F2-80FA-0FECDC492EE1}.Release|x86.ActiveCfg = Release|Win32
		{5B47B65A-9A8B-43F2-80FA-0FECDC492EE1}.Release|x86.Build.0 = Release|Win32
		{BB1EA329-376B-4721-A74D-D25E69523337}.Debug|Any CPU.ActiveCfg = Debug|Win32
		{BB1EA329-376B-4721-A74D-D25E69523337}.Debug|x64.ActiveCfg = Debug|x64
		{BB1EA329-376B-4721-A74D-D25E69523337}.Debug|x64.Build.0 = Debug|x64
		{BB1EA329-376B-4721-A74D-D25E69523337}.Debug|x86.ActiveCfg = Debug|Win32
		{BB1EA329-376B-4721-A74D-D25E69523337}.Debug|x86.Build.0 = Debug|Win32
		{BB1EA329-376B-4721-A74D-D25E69523337}.Release|Any CPU.ActiveCfg = Release|Win32
		{BB1EA329-376B-4721-A74D-D25E69523337}.Release|x64.ActiveCfg = Release|x64
		{BB1EA329-376B-4721-A74D-D25E69523337}.Release|x64.Build.0 = Release|x64
		{BB1EA329-376B-4721-A74D-D25E69523337}.Release|x86.ActiveCfg = Release|Win32
		{BB1EA329-376B-4721-A74D-D25E69523337}.Release|x86.Build.0 = Release|Win32
		{5D4896A1-9EA7-446A-A027-5259475359B6}.Debug|Any CPU.ActiveCfg = Debug|Win32
		{5D4896A1-9EA7-446A-A027-5259475359B6}.Debug|x64.ActiveCfg = Debug|x64
		{5D4896A1-9EA7-446A-A027-5259475359B6}.Debug|x64.Build.0 = Debug|x64
		{5D4896A1-9EA7-446A-A027-5259475359B6}.Debug|x86.ActiveCfg = Debug|Win32
		{5D4896A1-9EA7-446A-A027-5259475359B6}.Debug|x86.Build.0 = Debug|Win32
		{5D4896A1-9EA7-446A-A027-5259475359B6}.Release|Any CPU.ActiveCfg = Release|Win32
		{5D4896A1-9EA7-446A-A027-5259475359B6}.Release|x64.ActiveCfg = Release|x64
		{5D4896A1-9EA7-446A-A027-5259475359B6}.Release|x64.Build.0 = Release|x64
		{5D4896A1-9EA7-446A-A027-5259475359B6}.Release|x86.ActiveCfg = Release|Win32
		{5D4896A1-9EA7-446A-A027-5259475359B6}.Release|x86.Build.0 = Release|Win32
	EndGlobalSection
	GlobalSection(SolutionProperties) = preSolution
		HideSolutionNode = FALSE
	EndGlobalSection
	GlobalSection(ExtensibilityGlobals) = postSolution
		SolutionGuid = {A42E2884-9E50-475A-917B-7FF450E247D0}
	EndGlobalSection
EndGlobal
